
Microsoft Visual Studio Solution File, Format Version 12.00
# Visual Studio Version 16
VisualStudioVersion = 16.0.33130.400
MinimumVisualStudioVersion = 10.0.40219.1
Project("{FAE04EC0-301F-11D3-BF4B-00C04F79EFBC}") = "Alloy", "Alloy.csproj", "{4DE108B8-7A97-4DF7-8D01-E7C1E26878DB}"
EndProject
Global
	GlobalSection(SolutionConfigurationPlatforms) = preSolution
		Debug|Any CPU = Debug|Any CPU
		Release|Any CPU = Release|Any CPU
	EndGlobalSection
	GlobalSection(ProjectConfigurationPlatforms) = postSolution
		{4DE108B8-7A97-4DF7-8D01-E7C1E26878DB}.Debug|Any CPU.ActiveCfg = Debug|Any CPU
		{4DE108B8-7A97-4DF7-8D01-E7C1E26878DB}.Debug|Any CPU.Build.0 = Debug|Any CPU
		{4DE108B8-7A97-4DF7-8D01-E7C1E26878DB}.Release|Any CPU.ActiveCfg = Release|Any CPU
		{4DE108B8-7A97-4DF7-8D01-E7C1E26878DB}.Release|Any CPU.Build.0 = Release|Any CPU
	EndGlobalSection
	GlobalSection(SolutionProperties) = preSolution
		HideSolutionNode = FALSE
	EndGlobalSection
	GlobalSection(ExtensibilityGlobals) = postSolution
		SolutionGuid = {C82CF225-EA1A-48D8-8706-FF956490A2E8}
	EndGlobalSection
EndGlobal
